
Microsoft Visual Studio Solution File, Format Version 12.00
# Visual Studio 14
VisualStudioVersion = 14.0.25420.1
MinimumVisualStudioVersion = 10.0.40219.1
Project("{FAE04EC0-301F-11D3-BF4B-00C04F79EFBC}") = "MeassageCache", "MeassageCache\MeassageCache.csproj", "{247C4ADF-E7F9-434E-847A-A1F07991EF4F}"
EndProject
Project("{FAE04EC0-301F-11D3-BF4B-00C04F79EFBC}") = "DAL", "DAL\DAL.csproj", "{9B8EFC62-79FD-4DAF-B727-00EB5FDA5A18}"
EndProject
Project("{FAE04EC0-301F-11D3-BF4B-00C04F79EFBC}") = "Common", "Common\Common.csproj", "{B69174AC-6F4E-424B-8C0C-DCFDCAD5FA95}"
EndProject
Project("{FAE04EC0-301F-11D3-BF4B-00C04F79EFBC}") = "UnitTest", "UnitTest\UnitTest.csproj", "{ED141063-0883-46F5-B8EF-CAB8CAA2A8D4}"
EndProject
Project("{FAE04EC0-301F-11D3-BF4B-00C04F79EFBC}") = "QuarztSevice", "QuarztSevice\QuarztSevice.csproj", "{E0E7FFA9-4E8E-46DA-B105-43387B62C0F2}"
EndProject
Project("{FAE04EC0-301F-11D3-BF4B-00C04F79EFBC}") = "Model", "Model\Model.csproj", "{855346E4-F7A1-447A-A703-AD361D357113}"
EndProject
Project("{FAE04EC0-301F-11D3-BF4B-00C04F79EFBC}") = "SignalRChat", "SignalRChat\SignalRChat.csproj", "{46075541-6250-4FC8-A087-7EC39F56B500}"
EndProject
Global
	GlobalSection(SolutionConfigurationPlatforms) = preSolution
		Debug|Any CPU = Debug|Any CPU
		Release|Any CPU = Release|Any CPU
	EndGlobalSection
	GlobalSection(ProjectConfigurationPlatforms) = postSolution
		{247C4ADF-E7F9-434E-847A-A1F07991EF4F}.Debug|Any CPU.ActiveCfg = Debug|Any CPU
		{247C4ADF-E7F9-434E-847A-A1F07991EF4F}.Debug|Any CPU.Build.0 = Debug|Any CPU
		{247C4ADF-E7F9-434E-847A-A1F07991EF4F}.Release|Any CPU.ActiveCfg = Release|Any CPU
		{247C4ADF-E7F9-434E-847A-A1F07991EF4F}.Release|Any CPU.Build.0 = Release|Any CPU
		{9B8EFC62-79FD-4DAF-B727-00EB5FDA5A18}.Debug|Any CPU.ActiveCfg = Debug|Any CPU
		{9B8EFC62-79FD-4DAF-B727-00EB5FDA5A18}.Debug|Any CPU.Build.0 = Debug|Any CPU
		{9B8EFC62-79FD-4DAF-B727-00EB5FDA5A18}.Release|Any CPU.ActiveCfg = Release|Any CPU
		{9B8EFC62-79FD-4DAF-B727-00EB5FDA5A18}.Release|Any CPU.Build.0 = Release|Any CPU
		{B69174AC-6F4E-424B-8C0C-DCFDCAD5FA95}.Debug|Any CPU.ActiveCfg = Debug|Any CPU
		{B69174AC-6F4E-424B-8C0C-DCFDCAD5FA95}.Debug|Any CPU.Build.0 = Debug|Any CPU
		{B69174AC-6F4E-424B-8C0C-DCFDCAD5FA95}.Release|Any CPU.ActiveCfg = Release|Any CPU
		{B69174AC-6F4E-424B-8C0C-DCFDCAD5FA95}.Release|Any CPU.Build.0 = Release|Any CPU
		{ED141063-0883-46F5-B8EF-CAB8CAA2A8D4}.Debug|Any CPU.ActiveCfg = Debug|Any CPU
		{ED141063-0883-46F5-B8EF-CAB8CAA2A8D4}.Debug|Any CPU.Build.0 = Debug|Any CPU
		{ED141063-0883-46F5-B8EF-CAB8CAA2A8D4}.Release|Any CPU.ActiveCfg = Release|Any CPU
		{ED141063-0883-46F5-B8EF-CAB8CAA2A8D4}.Release|Any CPU.Build.0 = Release|Any CPU
		{E0E7FFA9-4E8E-46DA-B105-43387B62C0F2}.Debug|Any CPU.ActiveCfg = Debug|Any CPU
		{E0E7FFA9-4E8E-46DA-B105-43387B62C0F2}.Debug|Any CPU.Build.0 = Debug|Any CPU
		{E0E7FFA9-4E8E-46DA-B105-43387B62C0F2}.Release|Any CPU.ActiveCfg = Release|Any CPU
		{E0E7FFA9-4E8E-46DA-B105-43387B62C0F2}.Release|Any CPU.Build.0 = Release|Any CPU
		{855346E4-F7A1-447A-A703-AD361D357113}.Debug|Any CPU.ActiveCfg = Debug|Any CPU
		{855346E4-F7A1-447A-A703-AD361D357113}.Debug|Any CPU.Build.0 = Debug|Any CPU
		{855346E4-F7A1-447A-A703-AD361D357113}.Release|Any CPU.ActiveCfg = Release|Any CPU
		{855346E4-F7A1-447A-A703-AD361D357113}.Release|Any CPU.Build.0 = Release|Any CPU
		{46075541-6250-4FC8-A087-7EC39F56B500}.Debug|Any CPU.ActiveCfg = Debug|Any CPU
		{46075541-6250-4FC8-A087-7EC39F56B500}.Debug|Any CPU.Build.0 = Debug|Any CPU
		{46075541-6250-4FC8-A087-7EC39F56B500}.Release|Any CPU.ActiveCfg = Release|Any CPU
		{46075541-6250-4FC8-A087-7EC39F56B500}.Release|Any CPU.Build.0 = Release|Any CPU
	EndGlobalSection
	GlobalSection(SolutionProperties) = preSolution
		HideSolutionNode = FALSE
	EndGlobalSection
	GlobalSection(ExtensibilityGlobals) = postSolution
		VisualSVNWorkingCopyRoot = .
	EndGlobalSection
EndGlobal
